// !$*UTF8*$!
{
	archiveVersion = 1;
	classes = {
	};
	objectVersion = 46;
	objects = {

/* Begin PBXBuildFile section */
		B346CACD18EF1E2900750CF5 /* Foundation.framework in Frameworks */ = {isa = PBXBuildFile; fileRef = B346CACC18EF1E2900750CF5 /* Foundation.framework */; };
		B346CACF18EF1E2900750CF5 /* CoreGraphics.framework in Frameworks */ = {isa = PBXBuildFile; fileRef = B346CACE18EF1E2900750CF5 /* CoreGraphics.framework */; };
		B346CAD118EF1E2900750CF5 /* UIKit.framework in Frameworks */ = {isa = PBXBuildFile; fileRef = B346CAD018EF1E2900750CF5 /* UIKit.framework */; };
		B346CAD718EF1E2900750CF5 /* InfoPlist.strings in Resources */ = {isa = PBXBuildFile; fileRef = B346CAD518EF1E2900750CF5 /* InfoPlist.strings */; };
		B346CAD918EF1E2900750CF5 /* main.m in Sources */ = {isa = PBXBuildFile; fileRef = B346CAD818EF1E2900750CF5 /* main.m */; };
		B346CADD18EF1E2900750CF5 /* AppDelegate.m in Sources */ = {isa = PBXBuildFile; fileRef = B346CADC18EF1E2900750CF5 /* AppDelegate.m */; };
		B346CAE018EF1E2900750CF5 /* Main.storyboard in Resources */ = {isa = PBXBuildFile; fileRef = B346CADE18EF1E2900750CF5 /* Main.storyboard */; };
		B346CAE318EF1E2900750CF5 /* ViewController.m in Sources */ = {isa = PBXBuildFile; fileRef = B346CAE218EF1E2900750CF5 /* ViewController.m */; };
		B346CAE518EF1E2900750CF5 /* Images.xcassets in Resources */ = {isa = PBXBuildFile; fileRef = B346CAE418EF1E2900750CF5 /* Images.xcassets */; };
		B346CAEC18EF1E2900750CF5 /* XCTest.framework in Frameworks */ = {isa = PBXBuildFile; fileRef = B346CAEB18EF1E2900750CF5 /* XCTest.framework */; };
		B346CAED18EF1E2900750CF5 /* Foundation.framework in Frameworks */ = {isa = PBXBuildFile; fileRef = B346CACC18EF1E2900750CF5 /* Foundation.framework */; };
		B346CAEE18EF1E2900750CF5 /* UIKit.framework in Frameworks */ = {isa = PBXBuildFile; fileRef = B346CAD018EF1E2900750CF5 /* UIKit.framework */; };
		B346CAF618EF1E2900750CF5 /* InfoPlist.strings in Resources */ = {isa = PBXBuildFile; fileRef = B346CAF418EF1E2900750CF5 /* InfoPlist.strings */; };
		B346CAF818EF1E2900750CF5 /* TableViewDemmo9Tests.m in Sources */ = {isa = PBXBuildFile; fileRef = B346CAF718EF1E2900750CF5 /* TableViewDemmo9Tests.m */; };
/* End PBXBuildFile section */

/* Begin PBXContainerItemProxy section */
		B346CAEF18EF1E2900750CF5 /* PBXContainerItemProxy */ = {
			isa = PBXContainerItemProxy;
			containerPortal = B346CAC118EF1E2900750CF5 /* Project object */;
			proxyType = 1;
			remoteGlobalIDString = B346CAC818EF1E2900750CF5;
			remoteInfo = TableViewDemmo9;
		};
/* End PBXContainerItemProxy section */

/* Begin PBXFileReference section */
		B346CAC918EF1E2900750CF5 /* TableViewDemmo9.app */ = {isa = PBXFileReference; explicitFileType = wrapper.application; includeInIndex = 0; path = TableViewDemmo9.app; sourceTree = BUILT_PRODUCTS_DIR; };
		B346CACC18EF1E2900750CF5 /* Foundation.framework */ = {isa = PBXFileReference; lastKnownFileType = wrapper.framework; name = Foundation.framework; path = System/Library/Frameworks/Foundation.framework; sourceTree = SDKROOT; };
		B346CACE18EF1E2900750CF5 /* CoreGraphics.framework */ = {isa = PBXFileReference; lastKnownFileType = wrapper.framework; name = CoreGraphics.framework; path = System/Library/Frameworks/CoreGraphics.framework; sourceTree = SDKROOT; };
		B346CAD018EF1E2900750CF5 /* UIKit.framework */ = {isa = PBXFileReference; lastKnownFileType = wrapper.framework; name = UIKit.framework; path = System/Library/Frameworks/UIKit.framework; sourceTree = SDKROOT; };
		B346CAD418EF1E2900750CF5 /* TableViewDemmo9-Info.plist */ = {isa = PBXFileReference; lastKnownFileType = text.plist.xml; path = "TableViewDemmo9-Info.plist"; sourceTree = "<group>"; };
		B346CAD618EF1E2900750CF5 /* en */ = {isa = PBXFileReference; lastKnownFileType = text.plist.strings; name = en; path = en.lproj/InfoPlist.strings; sourceTree = "<group>"; };
		B346CAD818EF1E2900750CF5 /* main.m */ = {isa = PBXFileReference; lastKnownFileType = sourcecode.c.objc; path = main.m; sourceTree = "<group>"; };
		B346CADA18EF1E2900750CF5 /* TableViewDemmo9-Prefix.pch */ = {isa = PBXFileReference; lastKnownFileType = sourcecode.c.h; path = "TableViewDemmo9-Prefix.pch"; sourceTree = "<group>"; };
		B346CADB18EF1E2900750CF5 /* AppDelegate.h */ = {isa = PBXFileReference; lastKnownFileType = sourcecode.c.h; path = AppDelegate.h; sourceTree = "<group>"; };
		B346CADC18EF1E2900750CF5 /* AppDelegate.m */ = {isa = PBXFileReference; lastKnownFileType = sourcecode.c.objc; path = AppDelegate.m; sourceTree = "<group>"; };
		B346CADF18EF1E2900750CF5 /* Base */ = {isa = PBXFileReference; lastKnownFileType = file.storyboard; name = Base; path = Base.lproj/Main.storyboard; sourceTree = "<group>"; };
		B346CAE118EF1E2900750CF5 /* ViewController.h */ = {isa = PBXFileReference; lastKnownFileType = sourcecode.c.h; path = ViewController.h; sourceTree = "<group>"; };
		B346CAE218EF1E2900750CF5 /* ViewController.m */ = {isa = PBXFileReference; lastKnownFileType = sourcecode.c.objc; path = ViewController.m; sourceTree = "<group>"; };
		B346CAE418EF1E2900750CF5 /* Images.xcassets */ = {isa = PBXFileReference; lastKnownFileType = folder.assetcatalog; path = Images.xcassets; sourceTree = "<group>"; };
		B346CAEA18EF1E2900750CF5 /* TableViewDemmo9Tests.xctest */ = {isa = PBXFileReference; explicitFileType = wrapper.cfbundle; includeInIndex = 0; path = TableViewDemmo9Tests.xctest; sourceTree = BUILT_PRODUCTS_DIR; };
		B346CAEB18EF1E2900750CF5 /* XCTest.framework */ = {isa = PBXFileReference; lastKnownFileType = wrapper.framework; name = XCTest.framework; path = Library/Frameworks/XCTest.framework; sourceTree = DEVELOPER_DIR; };
		B346CAF318EF1E2900750CF5 /* TableViewDemmo9Tests-Info.plist */ = {isa = PBXFileReference; lastKnownFileType = text.plist.xml; path = "TableViewDemmo9Tests-Info.plist"; sourceTree = "<group>"; };
		B346CAF518EF1E2900750CF5 /* en */ = {isa = PBXFileReference; lastKnownFileType = text.plist.strings; name = en; path = en.lproj/InfoPlist.strings; sourceTree = "<group>"; };
		B346CAF718EF1E2900750CF5 /* TableViewDemmo9Tests.m */ = {isa = PBXFileReference; lastKnownFileType = sourcecode.c.objc; path = TableViewDemmo9Tests.m; sourceTree = "<group>"; };
/* End PBXFileReference section */

/* Begin PBXFrameworksBuildPhase section */
		B346CAC618EF1E2900750CF5 /* Frameworks */ = {
			isa = PBXFrameworksBuildPhase;
			buildActionMask = 2147483647;
			files = (
				B346CACF18EF1E2900750CF5 /* CoreGraphics.framework in Frameworks */,
				B346CAD118EF1E2900750CF5 /* UIKit.framework in Frameworks */,
				B346CACD18EF1E2900750CF5 /* Foundation.framework in Frameworks */,
			);
			runOnlyForDeploymentPostprocessing = 0;
		};
		B346CAE718EF1E2900750CF5 /* Frameworks */ = {
			isa = PBXFrameworksBuildPhase;
			buildActionMask = 2147483647;
			files = (
				B346CAEC18EF1E2900750CF5 /* XCTest.framework in Frameworks */,
				B346CAEE18EF1E2900750CF5 /* UIKit.framework in Frameworks */,
				B346CAED18EF1E2900750CF5 /* Foundation.framework in Frameworks */,
			);
			runOnlyForDeploymentPostprocessing = 0;
		};
/* End PBXFrameworksBuildPhase section */

/* Begin PBXGroup section */
		B346CAC018EF1E2900750CF5 = {
			isa = PBXGroup;
			children = (
				B346CAD218EF1E2900750CF5 /* TableViewDemmo9 */,
				B346CAF118EF1E2900750CF5 /* TableViewDemmo9Tests */,
				B346CACB18EF1E2900750CF5 /* Frameworks */,
				B346CACA18EF1E2900750CF5 /* Products */,
			);
			sourceTree = "<group>";
		};
		B346CACA18EF1E2900750CF5 /* Products */ = {
			isa = PBXGroup;
			children = (
				B346CAC918EF1E2900750CF5 /* TableViewDemmo9.app */,
				B346CAEA18EF1E2900750CF5 /* TableViewDemmo9Tests.xctest */,
			);
			name = Products;
			sourceTree = "<group>";
		};
		B346CACB18EF1E2900750CF5 /* Frameworks */ = {
			isa = PBXGroup;
			children = (
				B346CACC18EF1E2900750CF5 /* Foundation.framework */,
				B346CACE18EF1E2900750CF5 /* CoreGraphics.framework */,
				B346CAD018EF1E2900750CF5 /* UIKit.framework */,
				B346CAEB18EF1E2900750CF5 /* XCTest.framework */,
			);
			name = Frameworks;
			sourceTree = "<group>";
		};
		B346CAD218EF1E2900750CF5 /* TableViewDemmo9 */ = {
			isa = PBXGroup;
			children = (
				B346CADB18EF1E2900750CF5 /* AppDelegate.h */,
				B346CADC18EF1E2900750CF5 /* AppDelegate.m */,
				B346CADE18EF1E2900750CF5 /* Main.storyboard */,
				B346CAE118EF1E2900750CF5 /* ViewController.h */,
				B346CAE218EF1E2900750CF5 /* ViewController.m */,
				B346CAE418EF1E2900750CF5 /* Images.xcassets */,
				B346CAD318EF1E2900750CF5 /* Supporting Files */,
			);
			path = TableViewDemmo9;
			sourceTree = "<group>";
		};
		B346CAD318EF1E2900750CF5 /* Supporting Files */ = {
			isa = PBXGroup;
			children = (
				B346CAD418EF1E2900750CF5 /* TableViewDemmo9-Info.plist */,
				B346CAD518EF1E2900750CF5 /* InfoPlist.strings */,
				B346CAD818EF1E2900750CF5 /* main.m */,
				B346CADA18EF1E2900750CF5 /* TableViewDemmo9-Prefix.pch */,
			);
			name = "Supporting Files";
			sourceTree = "<group>";
		};
		B346CAF118EF1E2900750CF5 /* TableViewDemmo9Tests */ = {
			isa = PBXGroup;
			children = (
				B346CAF718EF1E2900750CF5 /* TableViewDemmo9Tests.m */,
				B346CAF218EF1E2900750CF5 /* Supporting Files */,
			);
			path = TableViewDemmo9Tests;
			sourceTree = "<group>";
		};
		B346CAF218EF1E2900750CF5 /* Supporting Files */ = {
			isa = PBXGroup;
			children = (
				B346CAF318EF1E2900750CF5 /* TableViewDemmo9Tests-Info.plist */,
				B346CAF418EF1E2900750CF5 /* InfoPlist.strings */,
			);
			name = "Supporting Files";
			sourceTree = "<group>";
		};
/* End PBXGroup section */

/* Begin PBXNativeTarget section */
		B346CAC818EF1E2900750CF5 /* TableViewDemmo9 */ = {
			isa = PBXNativeTarget;
			buildConfigurationList = B346CAFB18EF1E2900750CF5 /* Build configuration list for PBXNativeTarget "TableViewDemmo9" */;
			buildPhases = (
				B346CAC518EF1E2900750CF5 /* Sources */,
				B346CAC618EF1E2900750CF5 /* Frameworks */,
				B346CAC718EF1E2900750CF5 /* Resources */,
			);
			buildRules = (
			);
			dependencies = (
			);
			name = TableViewDemmo9;
			productName = TableViewDemmo9;
			productReference = B346CAC918EF1E2900750CF5 /* TableViewDemmo9.app */;
			productType = "com.apple.product-type.application";
		};
		B346CAE918EF1E2900750CF5 /* TableViewDemmo9Tests */ = {
			isa = PBXNativeTarget;
			buildConfigurationList = B346CAFE18EF1E2900750CF5 /* Build configuration list for PBXNativeTarget "TableViewDemmo9Tests" */;
			buildPhases = (
				B346CAE618EF1E2900750CF5 /* Sources */,
				B346CAE718EF1E2900750CF5 /* Frameworks */,
				B346CAE818EF1E2900750CF5 /* Resources */,
			);
			buildRules = (
			);
			dependencies = (
				B346CAF018EF1E2900750CF5 /* PBXTargetDependency */,
			);
			name = TableViewDemmo9Tests;
			productName = TableViewDemmo9Tests;
			productReference = B346CAEA18EF1E2900750CF5 /* TableViewDemmo9Tests.xctest */;
			productType = "com.apple.product-type.bundle.unit-test";
		};
/* End PBXNativeTarget section */

/* Begin PBXProject section */
		B346CAC118EF1E2900750CF5 /* Project object */ = {
			isa = PBXProject;
			attributes = {
				LastUpgradeCheck = 0500;
				ORGANIZATIONNAME = "karan chopra";
				TargetAttributes = {
					B346CAE918EF1E2900750CF5 = {
						TestTargetID = B346CAC818EF1E2900750CF5;
					};
				};
			};
			buildConfigurationList = B346CAC418EF1E2900750CF5 /* Build configuration list for PBXProject "TableViewDemmo9" */;
			compatibilityVersion = "Xcode 3.2";
			developmentRegion = English;
			hasScannedForEncodings = 0;
			knownRegions = (
				en,
				Base,
			);
			mainGroup = B346CAC018EF1E2900750CF5;
			productRefGroup = B346CACA18EF1E2900750CF5 /* Products */;
			projectDirPath = "";
			projectRoot = "";
			targets = (
				B346CAC818EF1E2900750CF5 /* TableViewDemmo9 */,
				B346CAE918EF1E2900750CF5 /* TableViewDemmo9Tests */,
			);
		};
/* End PBXProject section */

/* Begin PBXResourcesBuildPhase section */
		B346CAC718EF1E2900750CF5 /* Resources */ = {
			isa = PBXResourcesBuildPhase;
			buildActionMask = 2147483647;
			files = (
				B346CAE518EF1E2900750CF5 /* Images.xcassets in Resources */,
				B346CAD718EF1E2900750CF5 /* InfoPlist.strings in Resources */,
				B346CAE018EF1E2900750CF5 /* Main.storyboard in Resources */,
			);
			runOnlyForDeploymentPostprocessing = 0;
		};
		B346CAE818EF1E2900750CF5 /* Resources */ = {
			isa = PBXResourcesBuildPhase;
			buildActionMask = 2147483647;
			files = (
				B346CAF618EF1E2900750CF5 /* InfoPlist.strings in Resources */,
			);
			runOnlyForDeploymentPostprocessing = 0;
		};
/* End PBXResourcesBuildPhase section */

/* Begin PBXSourcesBuildPhase section */
		B346CAC518EF1E2900750CF5 /* Sources */ = {
			isa = PBXSourcesBuildPhase;
			buildActionMask = 2147483647;
			files = (
				B346CAE318EF1E2900750CF5 /* ViewController.m in Sources */,
				B346CADD18EF1E2900750CF5 /* AppDelegate.m in Sources */,
				B346CAD918EF1E2900750CF5 /* main.m in Sources */,
			);
			runOnlyForDeploymentPostprocessing = 0;
		};
		B346CAE618EF1E2900750CF5 /* Sources */ = {
			isa = PBXSourcesBuildPhase;
			buildActionMask = 2147483647;
			files = (
				B346CAF818EF1E2900750CF5 /* TableViewDemmo9Tests.m in Sources */,
			);
			runOnlyForDeploymentPostprocessing = 0;
		};
/* End PBXSourcesBuildPhase section */

/* Begin PBXTargetDependency section */
		B346CAF018EF1E2900750CF5 /* PBXTargetDependency */ = {
			isa = PBXTargetDependency;
			target = B346CAC818EF1E2900750CF5 /* TableViewDemmo9 */;
			targetProxy = B346CAEF18EF1E2900750CF5 /* PBXContainerItemProxy */;
		};
/* End PBXTargetDependency section */

/* Begin PBXVariantGroup section */
		B346CAD518EF1E2900750CF5 /* InfoPlist.strings */ = {
			isa = PBXVariantGroup;
			children = (
				B346CAD618EF1E2900750CF5 /* en */,
			);
			name = InfoPlist.strings;
			sourceTree = "<group>";
		};
		B346CADE18EF1E2900750CF5 /* Main.storyboard */ = {
			isa = PBXVariantGroup;
			children = (
				B346CADF18EF1E2900750CF5 /* Base */,
			);
			name = Main.storyboard;
			sourceTree = "<group>";
		};
		B346CAF418EF1E2900750CF5 /* InfoPlist.strings */ = {
			isa = PBXVariantGroup;
			children = (
				B346CAF518EF1E2900750CF5 /* en */,
			);
			name = InfoPlist.strings;
			sourceTree = "<group>";
		};
/* End PBXVariantGroup section */

/* Begin XCBuildConfiguration section */
		B346CAF918EF1E2900750CF5 /* Debug */ = {
			isa = XCBuildConfiguration;
			buildSettings = {
				ALWAYS_SEARCH_USER_PATHS = NO;
				ARCHS = "$(ARCHS_STANDARD_INCLUDING_64_BIT)";
				CLANG_CXX_LANGUAGE_STANDARD = "gnu++0x";
				CLANG_CXX_LIBRARY = "libc++";
				CLANG_ENABLE_MODULES = YES;
				CLANG_ENABLE_OBJC_ARC = YES;
				CLANG_WARN_BOOL_CONVERSION = YES;
				CLANG_WARN_CONSTANT_CONVERSION = YES;
				CLANG_WARN_DIRECT_OBJC_ISA_USAGE = YES_ERROR;
				CLANG_WARN_EMPTY_BODY = YES;
				CLANG_WARN_ENUM_CONVERSION = YES;
				CLANG_WARN_INT_CONVERSION = YES;
				CLANG_WARN_OBJC_ROOT_CLASS = YES_ERROR;
				CLANG_WARN__DUPLICATE_METHOD_MATCH = YES;
				"CODE_SIGN_IDENTITY[sdk=iphoneos*]" = "iPhone Developer";
				COPY_PHASE_STRIP = NO;
				GCC_C_LANGUAGE_STANDARD = gnu99;
				GCC_DYNAMIC_NO_PIC = NO;
				GCC_OPTIMIZATION_LEVEL = 0;
				GCC_PREPROCESSOR_DEFINITIONS = (
					"DEBUG=1",
					"$(inherited)",
				);
				GCC_SYMBOLS_PRIVATE_EXTERN = NO;
				GCC_WARN_64_TO_32_BIT_CONVERSION = YES;
				GCC_WARN_ABOUT_RETURN_TYPE = YES_ERROR;
				GCC_WARN_UNDECLARED_SELECTOR = YES;
				GCC_WARN_UNINITIALIZED_AUTOS = YES;
				GCC_WARN_UNUSED_FUNCTION = YES;
				GCC_WARN_UNUSED_VARIABLE = YES;
				IPHONEOS_DEPLOYMENT_TARGET = 7.0;
				ONLY_ACTIVE_ARCH = YES;
				SDKROOT = iphoneos;
			};
			name = Debug;
		};
		B346CAFA18EF1E2900750CF5 /* Release */ = {
			isa = XCBuildConfiguration;
			buildSettings = {
				ALWAYS_SEARCH_USER_PATHS = NO;
				ARCHS = "$(ARCHS_STANDARD_INCLUDING_64_BIT)";
				CLANG_CXX_LANGUAGE_STANDARD = "gnu++0x";
				CLANG_CXX_LIBRARY = "libc++";
				CLANG_ENABLE_MODULES = YES;
				CLANG_ENABLE_OBJC_ARC = YES;
				CLANG_WARN_BOOL_CONVERSION = YES;
				CLANG_WARN_CONSTANT_CONVERSION = YES;
				CLANG_WARN_DIRECT_OBJC_ISA_USAGE = YES_ERROR;
				CLANG_WARN_EMPTY_BODY = YES;
				CLANG_WARN_ENUM_CONVERSION = YES;
				CLANG_WARN_INT_CONVERSION = YES;
				CLANG_WARN_OBJC_ROOT_CLASS = YES_ERROR;
				CLANG_WARN__DUPLICATE_METHOD_MATCH = YES;
				"CODE_SIGN_IDENTITY[sdk=iphoneos*]" = "iPhone Developer";
				COPY_PHASE_STRIP = YES;
				ENABLE_NS_ASSERTIONS = NO;
				GCC_C_LANGUAGE_STANDARD = gnu99;
				GCC_WARN_64_TO_32_BIT_CONVERSION = YES;
				GCC_WARN_ABOUT_RETURN_TYPE = YES_ERROR;
				GCC_WARN_UNDECLARED_SELECTOR = YES;
				GCC_WARN_UNINITIALIZED_AUTOS = YES;
				GCC_WARN_UNUSED_FUNCTION = YES;
				GCC_WARN_UNUSED_VARIABLE = YES;
				IPHONEOS_DEPLOYMENT_TARGET = 7.0;
				SDKROOT = iphoneos;
				VALIDATE_PRODUCT = YES;
			};
			name = Release;
		};
		B346CAFC18EF1E2900750CF5 /* Debug */ = {
			isa = XCBuildConfiguration;
			buildSettings = {
				ASSETCATALOG_COMPILER_APPICON_NAME = AppIcon;
				ASSETCATALOG_COMPILER_LAUNCHIMAGE_NAME = LaunchImage;
				GCC_PRECOMPILE_PREFIX_HEADER = YES;
				GCC_PREFIX_HEADER = "TableViewDemmo9/TableViewDemmo9-Prefix.pch";
				INFOPLIST_FILE = "TableViewDemmo9/TableViewDemmo9-Info.plist";
				PRODUCT_NAME = "$(TARGET_NAME)";
				WRAPPER_EXTENSION = app;
			};
			name = Debug;
		};
		B346CAFD18EF1E2900750CF5 /* Release */ = {
			isa = XCBuildConfiguration;
			buildSettings = {
				ASSETCATALOG_COMPILER_APPICON_NAME = AppIcon;
				ASSETCATALOG_COMPILER_LAUNCHIMAGE_NAME = LaunchImage;
				GCC_PRECOMPILE_PREFIX_HEADER = YES;
				GCC_PREFIX_HEADER = "TableViewDemmo9/TableViewDemmo9-Prefix.pch";
				INFOPLIST_FILE = "TableViewDemmo9/TableViewDemmo9-Info.plist";
				PRODUCT_NAME = "$(TARGET_NAME)";
				WRAPPER_EXTENSION = app;
			};
			name = Release;
		};
		B346CAFF18EF1E2900750CF5 /* Debug */ = {
			isa = XCBuildConfiguration;
			buildSettings = {
				ARCHS = "$(ARCHS_STANDARD_INCLUDING_64_BIT)";
				BUNDLE_LOADER = "$(BUILT_PRODUCTS_DIR)/TableViewDemmo9.app/TableViewDemmo9";
				FRAMEWORK_SEARCH_PATHS = (
					"$(SDKROOT)/Developer/Library/Frameworks",
					"$(inherited)",
					"$(DEVELOPER_FRAMEWORKS_DIR)",
				);
				GCC_PRECOMPILE_PREFIX_HEADER = YES;
				GCC_PREFIX_HEADER = "TableViewDemmo9/TableViewDemmo9-Prefix.pch";
				GCC_PREPROCESSOR_DEFINITIONS = (
					"DEBUG=1",
					"$(inherited)",
				);
				INFOPLIST_FILE = "TableViewDemmo9Tests/TableViewDemmo9Tests-Info.plist";
				PRODUCT_NAME = "$(TARGET_NAME)";
				TEST_HOST = "$(BUNDLE_LOADER)";
				WRAPPER_EXTENSION = xctest;
			};
			name = Debug;
		};
		B346CB0018EF1E2900750CF5 /* Release */ = {
			isa = XCBuildConfiguration;
			buildSettings = {
				ARCHS = "$(ARCHS_STANDARD_INCLUDING_64_BIT)";
				BUNDLE_LOADER = "$(BUILT_PRODUCTS_DIR)/TableViewDemmo9.app/TableViewDemmo9";
				FRAMEWORK_SEARCH_PATHS = (
					"$(SDKROOT)/Developer/Library/Frameworks",
					"$(inherited)",
					"$(DEVELOPER_FRAMEWORKS_DIR)",
				);
				GCC_PRECOMPILE_PREFIX_HEADER = YES;
				GCC_PREFIX_HEADER = "TableViewDemmo9/TableViewDemmo9-Prefix.pch";
				INFOPLIST_FILE = "TableViewDemmo9Tests/TableViewDemmo9Tests-Info.plist";
				PRODUCT_NAME = "$(TARGET_NAME)";
				TEST_HOST = "$(BUNDLE_LOADER)";
				WRAPPER_EXTENSION = xctest;
			};
			name = Release;
		};
/* End XCBuildConfiguration section */

/* Begin XCConfigurationList section */
		B346CAC418EF1E2900750CF5 /* Build configuration list for PBXProject "TableViewDemmo9" */ = {
			isa = XCConfigurationList;
			buildConfigurations = (
				B346CAF918EF1E2900750CF5 /* Debug */,
				B346CAFA18EF1E2900750CF5 /* Release */,
			);
			defaultConfigurationIsVisible = 0;
			defaultConfigurationName = Release;
		};
		B346CAFB18EF1E2900750CF5 /* Build configuration list for PBXNativeTarget "TableViewDemmo9" */ = {
			isa = XCConfigurationList;
			buildConfigurations = (
				B346CAFC18EF1E2900750CF5 /* Debug */,
				B346CAFD18EF1E2900750CF5 /* Release */,
			);
			defaultConfigurationIsVisible = 0;
		};
		B346CAFE18EF1E2900750CF5 /* Build configuration list for PBXNativeTarget "TableViewDemmo9Tests" */ = {
			isa = XCConfigurationList;
			buildConfigurations = (
				B346CAFF18EF1E2900750CF5 /* Debug */,
				B346CB0018EF1E2900750CF5 /* Release */,
			);
			defaultConfigurationIsVisible = 0;
		};
/* End XCConfigurationList section */
	};
	rootObject = B346CAC118EF1E2900750CF5 /* Project object */;
}
